
Microsoft Visual Studio Solution File, Format Version 12.00
# Visual Studio Version 17
VisualStudioVersion = 17.11.35312.102
MinimumVisualStudioVersion = 10.0.40219.1
Project("{FAE04EC0-301F-11D3-BF4B-00C04F79EFBC}") = "Homeworks", "Homeworks\Homeworks.csproj", "{BB602058-403C-4B23-BDD2-83E3899CD6A4}"
EndProject
Global
	GlobalSection(SolutionConfigurationPlatforms) = preSolution
		Debug|Any CPU = Debug|Any CPU
		Release|Any CPU = Release|Any CPU
	EndGlobalSection
	GlobalSection(ProjectConfigurationPlatforms) = postSolution
		{BB602058-403C-4B23-BDD2-83E3899CD6A4}.Debug|Any CPU.ActiveCfg = Debug|Any CPU
		{BB602058-403C-4B23-BDD2-83E3899CD6A4}.Debug|Any CPU.Build.0 = Debug|Any CPU
		{BB602058-403C-4B23-BDD2-83E3899CD6A4}.Release|Any CPU.ActiveCfg = Release|Any CPU
		{BB602058-403C-4B23-BDD2-83E3899CD6A4}.Release|Any CPU.Build.0 = Release|Any CPU
	EndGlobalSection
	GlobalSection(SolutionProperties) = preSolution
		HideSolutionNode = FALSE
	EndGlobalSection
	GlobalSection(ExtensibilityGlobals) = postSolution
		SolutionGuid = {87A450AC-7B91-4502-9FEA-DA55ABD70E7C}
	EndGlobalSection
EndGlobal
